// !$*UTF8*$!
{
	archiveVersion = 1;
	classes = {
	};
	objectVersion = 46;
	objects = {

/* Begin PBXBuildFile section */
		00677EFA1E4D6A330006E95C /* AppDelegate.swift in Sources */ = {isa = PBXBuildFile; fileRef = 00677EF91E4D6A330006E95C /* AppDelegate.swift */; };
		00677EFC1E4D6A330006E95C /* VirtualTouristMapViewController.swift in Sources */ = {isa = PBXBuildFile; fileRef = 00677EFB1E4D6A330006E95C /* VirtualTouristMapViewController.swift */; };
		00677EFF1E4D6A330006E95C /* Main.storyboard in Resources */ = {isa = PBXBuildFile; fileRef = 00677EFD1E4D6A330006E95C /* Main.storyboard */; };
		00677F011E4D6A340006E95C /* Assets.xcassets in Resources */ = {isa = PBXBuildFile; fileRef = 00677F001E4D6A330006E95C /* Assets.xcassets */; };
		00677F041E4D6A340006E95C /* LaunchScreen.storyboard in Resources */ = {isa = PBXBuildFile; fileRef = 00677F021E4D6A340006E95C /* LaunchScreen.storyboard */; };
		00677F0F1E4D6A340006E95C /* VirtualTouristTests.swift in Sources */ = {isa = PBXBuildFile; fileRef = 00677F0E1E4D6A340006E95C /* VirtualTouristTests.swift */; };
		00677F1A1E4D6A340006E95C /* VirtualTouristUITests.swift in Sources */ = {isa = PBXBuildFile; fileRef = 00677F191E4D6A340006E95C /* VirtualTouristUITests.swift */; };
		00677F2C1E4EA4F70006E95C /* VTMap.swift in Sources */ = {isa = PBXBuildFile; fileRef = 00677F2B1E4EA4F70006E95C /* VTMap.swift */; };
		009EABB91E8C8B9900341C33 /* CoreDataStack.swift in Sources */ = {isa = PBXBuildFile; fileRef = 009EABB81E8C8B9900341C33 /* CoreDataStack.swift */; };
		009EABDA1E8C908B00341C33 /* Image.swift in Sources */ = {isa = PBXBuildFile; fileRef = 009EABD61E8C908B00341C33 /* Image.swift */; };
		009EABDB1E8C908B00341C33 /* Image+CoreDataProperties.swift in Sources */ = {isa = PBXBuildFile; fileRef = 009EABD71E8C908B00341C33 /* Image+CoreDataProperties.swift */; };
		009EABDC1E8C908B00341C33 /* Album.swift in Sources */ = {isa = PBXBuildFile; fileRef = 009EABD81E8C908B00341C33 /* Album.swift */; };
		009EABDD1E8C908B00341C33 /* Album+CoreDataProperties.swift in Sources */ = {isa = PBXBuildFile; fileRef = 009EABD91E8C908B00341C33 /* Album+CoreDataProperties.swift */; };
		009EABDF1E8FFA7C00341C33 /* CoreDataTableViewController.swift in Sources */ = {isa = PBXBuildFile; fileRef = 009EABDE1E8FFA7C00341C33 /* CoreDataTableViewController.swift */; };
		00D14B941E5A31A1008A0D8F /* PhotoAlbumMapViewController.swift in Sources */ = {isa = PBXBuildFile; fileRef = 00D14B931E5A31A1008A0D8F /* PhotoAlbumMapViewController.swift */; };
		00D2D0A01E50BF7400E53FC5 /* Model.xcdatamodeld in Sources */ = {isa = PBXBuildFile; fileRef = 00D2D09E1E50BF7400E53FC5 /* Model.xcdatamodeld */; };
		00E547601E50D19100BA7579 /* PhotoAlbumViewController.swift in Sources */ = {isa = PBXBuildFile; fileRef = 00E5475F1E50D19100BA7579 /* PhotoAlbumViewController.swift */; };
		00E547621E50DB0300BA7579 /* VirtualTouristMap.swift in Sources */ = {isa = PBXBuildFile; fileRef = 00E547611E50DB0300BA7579 /* VirtualTouristMap.swift */; };
		00E547651E50F04100BA7579 /* FlickrConstants.swift in Sources */ = {isa = PBXBuildFile; fileRef = 00E547641E50F04100BA7579 /* FlickrConstants.swift */; };
		00E547671E50F17900BA7579 /* FlickrClient.swift in Sources */ = {isa = PBXBuildFile; fileRef = 00E547661E50F17900BA7579 /* FlickrClient.swift */; };
		00E547691E510EB100BA7579 /* FlickrConvenience.swift in Sources */ = {isa = PBXBuildFile; fileRef = 00E547681E510EB100BA7579 /* FlickrConvenience.swift */; };
		00E5476B1E5111C600BA7579 /* GCDBlackBox.swift in Sources */ = {isa = PBXBuildFile; fileRef = 00E5476A1E5111C600BA7579 /* GCDBlackBox.swift */; };
		00E5476D1E51217500BA7579 /* FlickrImage.swift in Sources */ = {isa = PBXBuildFile; fileRef = 00E5476C1E51217500BA7579 /* FlickrImage.swift */; };
		00E5476F1E51656900BA7579 /* PhotoAlbumMap.swift in Sources */ = {isa = PBXBuildFile; fileRef = 00E5476E1E51656900BA7579 /* PhotoAlbumMap.swift */; };
		00E547711E516FB900BA7579 /* PhotoCollectionViewCell.swift in Sources */ = {isa = PBXBuildFile; fileRef = 00E547701E516FB900BA7579 /* PhotoCollectionViewCell.swift */; };
/* End PBXBuildFile section */

/* Begin PBXContainerItemProxy section */
		00677F0B1E4D6A340006E95C /* PBXContainerItemProxy */ = {
			isa = PBXContainerItemProxy;
			containerPortal = 00677EEE1E4D6A330006E95C /* Project object */;
			proxyType = 1;
			remoteGlobalIDString = 00677EF51E4D6A330006E95C;
			remoteInfo = VirtualTourist;
		};
		00677F161E4D6A340006E95C /* PBXContainerItemProxy */ = {
			isa = PBXContainerItemProxy;
			containerPortal = 00677EEE1E4D6A330006E95C /* Project object */;
			proxyType = 1;
			remoteGlobalIDString = 00677EF51E4D6A330006E95C;
			remoteInfo = VirtualTourist;
		};
/* End PBXContainerItemProxy section */

/* Begin PBXFileReference section */
		00677EF61E4D6A330006E95C /* VirtualTourist.app */ = {isa = PBXFileReference; explicitFileType = wrapper.application; includeInIndex = 0; path = VirtualTourist.app; sourceTree = BUILT_PRODUCTS_DIR; };
		00677EF91E4D6A330006E95C /* AppDelegate.swift */ = {isa = PBXFileReference; lastKnownFileType = sourcecode.swift; path = AppDelegate.swift; sourceTree = "<group>"; };
		00677EFB1E4D6A330006E95C /* VirtualTouristMapViewController.swift */ = {isa = PBXFileReference; lastKnownFileType = sourcecode.swift; path = VirtualTouristMapViewController.swift; sourceTree = "<group>"; };
		00677EFE1E4D6A330006E95C /* Base */ = {isa = PBXFileReference; lastKnownFileType = file.storyboard; name = Base; path = Base.lproj/Main.storyboard; sourceTree = "<group>"; };
		00677F001E4D6A330006E95C /* Assets.xcassets */ = {isa = PBXFileReference; lastKnownFileType = folder.assetcatalog; path = Assets.xcassets; sourceTree = "<group>"; };
		00677F031E4D6A340006E95C /* Base */ = {isa = PBXFileReference; lastKnownFileType = file.storyboard; name = Base; path = Base.lproj/LaunchScreen.storyboard; sourceTree = "<group>"; };
		00677F051E4D6A340006E95C /* Info.plist */ = {isa = PBXFileReference; lastKnownFileType = text.plist.xml; path = Info.plist; sourceTree = "<group>"; };
		00677F0A1E4D6A340006E95C /* VirtualTouristTests.xctest */ = {isa = PBXFileReference; explicitFileType = wrapper.cfbundle; includeInIndex = 0; path = VirtualTouristTests.xctest; sourceTree = BUILT_PRODUCTS_DIR; };
		00677F0E1E4D6A340006E95C /* VirtualTouristTests.swift */ = {isa = PBXFileReference; lastKnownFileType = sourcecode.swift; path = VirtualTouristTests.swift; sourceTree = "<group>"; };
		00677F101E4D6A340006E95C /* Info.plist */ = {isa = PBXFileReference; lastKnownFileType = text.plist.xml; path = Info.plist; sourceTree = "<group>"; };
		00677F151E4D6A340006E95C /* VirtualTouristUITests.xctest */ = {isa = PBXFileReference; explicitFileType = wrapper.cfbundle; includeInIndex = 0; path = VirtualTouristUITests.xctest; sourceTree = BUILT_PRODUCTS_DIR; };
		00677F191E4D6A340006E95C /* VirtualTouristUITests.swift */ = {isa = PBXFileReference; lastKnownFileType = sourcecode.swift; path = VirtualTouristUITests.swift; sourceTree = "<group>"; };
		00677F1B1E4D6A340006E95C /* Info.plist */ = {isa = PBXFileReference; lastKnownFileType = text.plist.xml; path = Info.plist; sourceTree = "<group>"; };
		00677F2B1E4EA4F70006E95C /* VTMap.swift */ = {isa = PBXFileReference; fileEncoding = 4; lastKnownFileType = sourcecode.swift; path = VTMap.swift; sourceTree = "<group>"; };
		009EABB81E8C8B9900341C33 /* CoreDataStack.swift */ = {isa = PBXFileReference; fileEncoding = 4; lastKnownFileType = sourcecode.swift; path = CoreDataStack.swift; sourceTree = "<group>"; };
		009EABD61E8C908B00341C33 /* Image.swift */ = {isa = PBXFileReference; fileEncoding = 4; lastKnownFileType = sourcecode.swift; name = Image.swift; path = ../Image.swift; sourceTree = "<group>"; };
		009EABD71E8C908B00341C33 /* Image+CoreDataProperties.swift */ = {isa = PBXFileReference; fileEncoding = 4; lastKnownFileType = sourcecode.swift; name = "Image+CoreDataProperties.swift"; path = "../Image+CoreDataProperties.swift"; sourceTree = "<group>"; };
		009EABD81E8C908B00341C33 /* Album.swift */ = {isa = PBXFileReference; fileEncoding = 4; lastKnownFileType = sourcecode.swift; name = Album.swift; path = ../Album.swift; sourceTree = "<group>"; };
		009EABD91E8C908B00341C33 /* Album+CoreDataProperties.swift */ = {isa = PBXFileReference; fileEncoding = 4; lastKnownFileType = sourcecode.swift; name = "Album+CoreDataProperties.swift"; path = "../Album+CoreDataProperties.swift"; sourceTree = "<group>"; };
		009EABDE1E8FFA7C00341C33 /* CoreDataTableViewController.swift */ = {isa = PBXFileReference; fileEncoding = 4; lastKnownFileType = sourcecode.swift; path = CoreDataTableViewController.swift; sourceTree = "<group>"; };
		00D14B931E5A31A1008A0D8F /* PhotoAlbumMapViewController.swift */ = {isa = PBXFileReference; fileEncoding = 4; lastKnownFileType = sourcecode.swift; path = PhotoAlbumMapViewController.swift; sourceTree = "<group>"; };
		00D2D09F1E50BF7400E53FC5 /* Model.xcdatamodel */ = {isa = PBXFileReference; lastKnownFileType = wrapper.xcdatamodel; path = Model.xcdatamodel; sourceTree = "<group>"; };
		00E5475F1E50D19100BA7579 /* PhotoAlbumViewController.swift */ = {isa = PBXFileReference; fileEncoding = 4; lastKnownFileType = sourcecode.swift; path = PhotoAlbumViewController.swift; sourceTree = "<group>"; };
		00E547611E50DB0300BA7579 /* VirtualTouristMap.swift */ = {isa = PBXFileReference; fileEncoding = 4; lastKnownFileType = sourcecode.swift; path = VirtualTouristMap.swift; sourceTree = "<group>"; };
		00E547641E50F04100BA7579 /* FlickrConstants.swift */ = {isa = PBXFileReference; fileEncoding = 4; lastKnownFileType = sourcecode.swift; path = FlickrConstants.swift; sourceTree = "<group>"; };
		00E547661E50F17900BA7579 /* FlickrClient.swift */ = {isa = PBXFileReference; fileEncoding = 4; lastKnownFileType = sourcecode.swift; path = FlickrClient.swift; sourceTree = "<group>"; };
		00E547681E510EB100BA7579 /* FlickrConvenience.swift */ = {isa = PBXFileReference; fileEncoding = 4; lastKnownFileType = sourcecode.swift; path = FlickrConvenience.swift; sourceTree = "<group>"; };
		00E5476A1E5111C600BA7579 /* GCDBlackBox.swift */ = {isa = PBXFileReference; fileEncoding = 4; lastKnownFileType = sourcecode.swift; path = GCDBlackBox.swift; sourceTree = "<group>"; };
		00E5476C1E51217500BA7579 /* FlickrImage.swift */ = {isa = PBXFileReference; fileEncoding = 4; lastKnownFileType = sourcecode.swift; path = FlickrImage.swift; sourceTree = "<group>"; };
		00E5476E1E51656900BA7579 /* PhotoAlbumMap.swift */ = {isa = PBXFileReference; fileEncoding = 4; lastKnownFileType = sourcecode.swift; path = PhotoAlbumMap.swift; sourceTree = "<group>"; };
		00E547701E516FB900BA7579 /* PhotoCollectionViewCell.swift */ = {isa = PBXFileReference; fileEncoding = 4; lastKnownFileType = sourcecode.swift; path = PhotoCollectionViewCell.swift; sourceTree = "<group>"; };
/* End PBXFileReference section */

/* Begin PBXFrameworksBuildPhase section */
		00677EF31E4D6A330006E95C /* Frameworks */ = {
			isa = PBXFrameworksBuildPhase;
			buildActionMask = 2147483647;
			files = (
			);
			runOnlyForDeploymentPostprocessing = 0;
		};
		00677F071E4D6A340006E95C /* Frameworks */ = {
			isa = PBXFrameworksBuildPhase;
			buildActionMask = 2147483647;
			files = (
			);
			runOnlyForDeploymentPostprocessing = 0;
		};
		00677F121E4D6A340006E95C /* Frameworks */ = {
			isa = PBXFrameworksBuildPhase;
			buildActionMask = 2147483647;
			files = (
			);
			runOnlyForDeploymentPostprocessing = 0;
		};
/* End PBXFrameworksBuildPhase section */

/* Begin PBXGroup section */
		00677EED1E4D6A330006E95C = {
			isa = PBXGroup;
			children = (
				00677EF81E4D6A330006E95C /* VirtualTourist */,
				00677F0D1E4D6A340006E95C /* VirtualTouristTests */,
				00677F181E4D6A340006E95C /* VirtualTouristUITests */,
				00677EF71E4D6A330006E95C /* Products */,
			);
			sourceTree = "<group>";
		};
		00677EF71E4D6A330006E95C /* Products */ = {
			isa = PBXGroup;
			children = (
				00677EF61E4D6A330006E95C /* VirtualTourist.app */,
				00677F0A1E4D6A340006E95C /* VirtualTouristTests.xctest */,
				00677F151E4D6A340006E95C /* VirtualTouristUITests.xctest */,
			);
			name = Products;
			sourceTree = "<group>";
		};
		00677EF81E4D6A330006E95C /* VirtualTourist */ = {
			isa = PBXGroup;
			children = (
				00677EF91E4D6A330006E95C /* AppDelegate.swift */,
				00677EFD1E4D6A330006E95C /* Main.storyboard */,
				00677F001E4D6A330006E95C /* Assets.xcassets */,
				00677F021E4D6A340006E95C /* LaunchScreen.storyboard */,
				00677F051E4D6A340006E95C /* Info.plist */,
				00E5476A1E5111C600BA7579 /* GCDBlackBox.swift */,
				00677F271E4EA4880006E95C /* Model */,
				00677F281E4EA48E0006E95C /* View */,
				00677F291E4EA4930006E95C /* Controller */,
			);
			path = VirtualTourist;
			sourceTree = "<group>";
		};
		00677F0D1E4D6A340006E95C /* VirtualTouristTests */ = {
			isa = PBXGroup;
			children = (
				00677F0E1E4D6A340006E95C /* VirtualTouristTests.swift */,
				00677F101E4D6A340006E95C /* Info.plist */,
			);
			path = VirtualTouristTests;
			sourceTree = "<group>";
		};
		00677F181E4D6A340006E95C /* VirtualTouristUITests */ = {
			isa = PBXGroup;
			children = (
				00677F191E4D6A340006E95C /* VirtualTouristUITests.swift */,
				00677F1B1E4D6A340006E95C /* Info.plist */,
			);
			path = VirtualTouristUITests;
			sourceTree = "<group>";
		};
		00677F271E4EA4880006E95C /* Model */ = {
			isa = PBXGroup;
			children = (
				009EABB81E8C8B9900341C33 /* CoreDataStack.swift */,
				009EABD61E8C908B00341C33 /* Image.swift */,
				009EABD71E8C908B00341C33 /* Image+CoreDataProperties.swift */,
				009EABD81E8C908B00341C33 /* Album.swift */,
				009EABD91E8C908B00341C33 /* Album+CoreDataProperties.swift */,
				00D2D09E1E50BF7400E53FC5 /* Model.xcdatamodeld */,
				00E547631E50F03300BA7579 /* Flickr */,
				00677F2A1E4EA4E30006E95C /* Map */,
			);
			name = Model;
			sourceTree = "<group>";
		};
		00677F281E4EA48E0006E95C /* View */ = {
			isa = PBXGroup;
			children = (
				00E547701E516FB900BA7579 /* PhotoCollectionViewCell.swift */,
			);
			name = View;
			sourceTree = "<group>";
		};
		00677F291E4EA4930006E95C /* Controller */ = {
			isa = PBXGroup;
			children = (
				00677EFB1E4D6A330006E95C /* VirtualTouristMapViewController.swift */,
				00E547611E50DB0300BA7579 /* VirtualTouristMap.swift */,
				00E5475F1E50D19100BA7579 /* PhotoAlbumViewController.swift */,
				00E5476E1E51656900BA7579 /* PhotoAlbumMap.swift */,
				00D14B931E5A31A1008A0D8F /* PhotoAlbumMapViewController.swift */,
				009EABDE1E8FFA7C00341C33 /* CoreDataTableViewController.swift */,
			);
			name = Controller;
			sourceTree = "<group>";
		};
		00677F2A1E4EA4E30006E95C /* Map */ = {
			isa = PBXGroup;
			children = (
				00677F2B1E4EA4F70006E95C /* VTMap.swift */,
			);
			name = Map;
			sourceTree = "<group>";
		};
		00E547631E50F03300BA7579 /* Flickr */ = {
			isa = PBXGroup;
			children = (
				00E547641E50F04100BA7579 /* FlickrConstants.swift */,
				00E547661E50F17900BA7579 /* FlickrClient.swift */,
				00E547681E510EB100BA7579 /* FlickrConvenience.swift */,
				00E5476C1E51217500BA7579 /* FlickrImage.swift */,
			);
			name = Flickr;
			sourceTree = "<group>";
		};
/* End PBXGroup section */

/* Begin PBXNativeTarget section */
		00677EF51E4D6A330006E95C /* VirtualTourist */ = {
			isa = PBXNativeTarget;
			buildConfigurationList = 00677F1E1E4D6A340006E95C /* Build configuration list for PBXNativeTarget "VirtualTourist" */;
			buildPhases = (
				00677EF21E4D6A330006E95C /* Sources */,
				00677EF31E4D6A330006E95C /* Frameworks */,
				00677EF41E4D6A330006E95C /* Resources */,
			);
			buildRules = (
			);
			dependencies = (
			);
			name = VirtualTourist;
			productName = VirtualTourist;
			productReference = 00677EF61E4D6A330006E95C /* VirtualTourist.app */;
			productType = "com.apple.product-type.application";
		};
		00677F091E4D6A340006E95C /* VirtualTouristTests */ = {
			isa = PBXNativeTarget;
			buildConfigurationList = 00677F211E4D6A340006E95C /* Build configuration list for PBXNativeTarget "VirtualTouristTests" */;
			buildPhases = (
				00677F061E4D6A340006E95C /* Sources */,
				00677F071E4D6A340006E95C /* Frameworks */,
				00677F081E4D6A340006E95C /* Resources */,
			);
			buildRules = (
			);
			dependencies = (
				00677F0C1E4D6A340006E95C /* PBXTargetDependency */,
			);
			name = VirtualTouristTests;
			productName = VirtualTouristTests;
			productReference = 00677F0A1E4D6A340006E95C /* VirtualTouristTests.xctest */;
			productType = "com.apple.product-type.bundle.unit-test";
		};
		00677F141E4D6A340006E95C /* VirtualTouristUITests */ = {
			isa = PBXNativeTarget;
			buildConfigurationList = 00677F241E4D6A340006E95C /* Build configuration list for PBXNativeTarget "VirtualTouristUITests" */;
			buildPhases = (
				00677F111E4D6A340006E95C /* Sources */,
				00677F121E4D6A340006E95C /* Frameworks */,
				00677F131E4D6A340006E95C /* Resources */,
			);
			buildRules = (
			);
			dependencies = (
				00677F171E4D6A340006E95C /* PBXTargetDependency */,
			);
			name = VirtualTouristUITests;
			productName = VirtualTouristUITests;
			productReference = 00677F151E4D6A340006E95C /* VirtualTouristUITests.xctest */;
			productType = "com.apple.product-type.bundle.ui-testing";
		};
/* End PBXNativeTarget section */

/* Begin PBXProject section */
		00677EEE1E4D6A330006E95C /* Project object */ = {
			isa = PBXProject;
			attributes = {
				LastSwiftUpdateCheck = 0810;
				LastUpgradeCheck = 0820;
				ORGANIZATIONNAME = zenkiu;
				TargetAttributes = {
					00677EF51E4D6A330006E95C = {
						CreatedOnToolsVersion = 8.1;
						DevelopmentTeam = GLG6UUPRG8;
						ProvisioningStyle = Automatic;
					};
					00677F091E4D6A340006E95C = {
						CreatedOnToolsVersion = 8.1;
						ProvisioningStyle = Automatic;
						TestTargetID = 00677EF51E4D6A330006E95C;
					};
					00677F141E4D6A340006E95C = {
						CreatedOnToolsVersion = 8.1;
						ProvisioningStyle = Automatic;
						TestTargetID = 00677EF51E4D6A330006E95C;
					};
				};
			};
			buildConfigurationList = 00677EF11E4D6A330006E95C /* Build configuration list for PBXProject "VirtualTourist" */;
			compatibilityVersion = "Xcode 3.2";
			developmentRegion = English;
			hasScannedForEncodings = 0;
			knownRegions = (
				en,
				Base,
			);
			mainGroup = 00677EED1E4D6A330006E95C;
			productRefGroup = 00677EF71E4D6A330006E95C /* Products */;
			projectDirPath = "";
			projectRoot = "";
			targets = (
				00677EF51E4D6A330006E95C /* VirtualTourist */,
				00677F091E4D6A340006E95C /* VirtualTouristTests */,
				00677F141E4D6A340006E95C /* VirtualTouristUITests */,
			);
		};
/* End PBXProject section */

/* Begin PBXResourcesBuildPhase section */
		00677EF41E4D6A330006E95C /* Resources */ = {
			isa = PBXResourcesBuildPhase;
			buildActionMask = 2147483647;
			files = (
				00677F041E4D6A340006E95C /* LaunchScreen.storyboard in Resources */,
				00677F011E4D6A340006E95C /* Assets.xcassets in Resources */,
				00677EFF1E4D6A330006E95C /* Main.storyboard in Resources */,
			);
			runOnlyForDeploymentPostprocessing = 0;
		};
		00677F081E4D6A340006E95C /* Resources */ = {
			isa = PBXResourcesBuildPhase;
			buildActionMask = 2147483647;
			files = (
			);
			runOnlyForDeploymentPostprocessing = 0;
		};
		00677F131E4D6A340006E95C /* Resources */ = {
			isa = PBXResourcesBuildPhase;
			buildActionMask = 2147483647;
			files = (
			);
			runOnlyForDeploymentPostprocessing = 0;
		};
/* End PBXResourcesBuildPhase section */

/* Begin PBXSourcesBuildPhase section */
		00677EF21E4D6A330006E95C /* Sources */ = {
			isa = PBXSourcesBuildPhase;
			buildActionMask = 2147483647;
			files = (
				009EABB91E8C8B9900341C33 /* CoreDataStack.swift in Sources */,
				00E5476D1E51217500BA7579 /* FlickrImage.swift in Sources */,
				00E547711E516FB900BA7579 /* PhotoCollectionViewCell.swift in Sources */,
				009EABDD1E8C908B00341C33 /* Album+CoreDataProperties.swift in Sources */,
				00677EFC1E4D6A330006E95C /* VirtualTouristMapViewController.swift in Sources */,
				00677EFA1E4D6A330006E95C /* AppDelegate.swift in Sources */,
				00677F2C1E4EA4F70006E95C /* VTMap.swift in Sources */,
				00E547601E50D19100BA7579 /* PhotoAlbumViewController.swift in Sources */,
				00E5476B1E5111C600BA7579 /* GCDBlackBox.swift in Sources */,
				00E547651E50F04100BA7579 /* FlickrConstants.swift in Sources */,
				00D14B941E5A31A1008A0D8F /* PhotoAlbumMapViewController.swift in Sources */,
				00D2D0A01E50BF7400E53FC5 /* Model.xcdatamodeld in Sources */,
				009EABDC1E8C908B00341C33 /* Album.swift in Sources */,
				009EABDB1E8C908B00341C33 /* Image+CoreDataProperties.swift in Sources */,
				009EABDA1E8C908B00341C33 /* Image.swift in Sources */,
				00E5476F1E51656900BA7579 /* PhotoAlbumMap.swift in Sources */,
				00E547621E50DB0300BA7579 /* VirtualTouristMap.swift in Sources */,
				00E547671E50F17900BA7579 /* FlickrClient.swift in Sources */,
				009EABDF1E8FFA7C00341C33 /* CoreDataTableViewController.swift in Sources */,
				00E547691E510EB100BA7579 /* FlickrConvenience.swift in Sources */,
			);
			runOnlyForDeploymentPostprocessing = 0;
		};
		00677F061E4D6A340006E95C /* Sources */ = {
			isa = PBXSourcesBuildPhase;
			buildActionMask = 2147483647;
			files = (
				00677F0F1E4D6A340006E95C /* VirtualTouristTests.swift in Sources */,
			);
			runOnlyForDeploymentPostprocessing = 0;
		};
		00677F111E4D6A340006E95C /* Sources */ = {
			isa = PBXSourcesBuildPhase;
			buildActionMask = 2147483647;
			files = (
				00677F1A1E4D6A340006E95C /* VirtualTouristUITests.swift in Sources */,
			);
			runOnlyForDeploymentPostprocessing = 0;
		};
/* End PBXSourcesBuildPhase section */

/* Begin PBXTargetDependency section */
		00677F0C1E4D6A340006E95C /* PBXTargetDependency */ = {
			isa = PBXTargetDependency;
			target = 00677EF51E4D6A330006E95C /* VirtualTourist */;
			targetProxy = 00677F0B1E4D6A340006E95C /* PBXContainerItemProxy */;
		};
		00677F171E4D6A340006E95C /* PBXTargetDependency */ = {
			isa = PBXTargetDependency;
			target = 00677EF51E4D6A330006E95C /* VirtualTourist */;
			targetProxy = 00677F161E4D6A340006E95C /* PBXContainerItemProxy */;
		};
/* End PBXTargetDependency section */

/* Begin PBXVariantGroup section */
		00677EFD1E4D6A330006E95C /* Main.storyboard */ = {
			isa = PBXVariantGroup;
			children = (
				00677EFE1E4D6A330006E95C /* Base */,
			);
			name = Main.storyboard;
			sourceTree = "<group>";
		};
		00677F021E4D6A340006E95C /* LaunchScreen.storyboard */ = {
			isa = PBXVariantGroup;
			children = (
				00677F031E4D6A340006E95C /* Base */,
			);
			name = LaunchScreen.storyboard;
			sourceTree = "<group>";
		};
/* End PBXVariantGroup section */

/* Begin XCBuildConfiguration section */
		00677F1C1E4D6A340006E95C /* Debug */ = {
			isa = XCBuildConfiguration;
			buildSettings = {
				ALWAYS_SEARCH_USER_PATHS = NO;
				CLANG_ANALYZER_NONNULL = YES;
				CLANG_CXX_LANGUAGE_STANDARD = "gnu++0x";
				CLANG_CXX_LIBRARY = "libc++";
				CLANG_ENABLE_MODULES = YES;
				CLANG_ENABLE_OBJC_ARC = YES;
				CLANG_WARN_BOOL_CONVERSION = YES;
				CLANG_WARN_CONSTANT_CONVERSION = YES;
				CLANG_WARN_DIRECT_OBJC_ISA_USAGE = YES_ERROR;
				CLANG_WARN_DOCUMENTATION_COMMENTS = YES;
				CLANG_WARN_EMPTY_BODY = YES;
				CLANG_WARN_ENUM_CONVERSION = YES;
				CLANG_WARN_INFINITE_RECURSION = YES;
				CLANG_WARN_INT_CONVERSION = YES;
				CLANG_WARN_OBJC_ROOT_CLASS = YES_ERROR;
				CLANG_WARN_SUSPICIOUS_MOVE = YES;
				CLANG_WARN_SUSPICIOUS_MOVES = YES;
				CLANG_WARN_UNREACHABLE_CODE = YES;
				CLANG_WARN__DUPLICATE_METHOD_MATCH = YES;
				"CODE_SIGN_IDENTITY[sdk=iphoneos*]" = "iPhone Developer";
				COPY_PHASE_STRIP = NO;
				DEBUG_INFORMATION_FORMAT = dwarf;
				ENABLE_STRICT_OBJC_MSGSEND = YES;
				ENABLE_TESTABILITY = YES;
				GCC_C_LANGUAGE_STANDARD = gnu99;
				GCC_DYNAMIC_NO_PIC = NO;
				GCC_NO_COMMON_BLOCKS = YES;
				GCC_OPTIMIZATION_LEVEL = 0;
				GCC_PREPROCESSOR_DEFINITIONS = (
					"DEBUG=1",
					"$(inherited)",
				);
				GCC_WARN_64_TO_32_BIT_CONVERSION = YES;
				GCC_WARN_ABOUT_RETURN_TYPE = YES_ERROR;
				GCC_WARN_UNDECLARED_SELECTOR = YES;
				GCC_WARN_UNINITIALIZED_AUTOS = YES_AGGRESSIVE;
				GCC_WARN_UNUSED_FUNCTION = YES;
				GCC_WARN_UNUSED_VARIABLE = YES;
				IPHONEOS_DEPLOYMENT_TARGET = 10.1;
				MTL_ENABLE_DEBUG_INFO = YES;
				ONLY_ACTIVE_ARCH = YES;
				SDKROOT = iphoneos;
				SWIFT_ACTIVE_COMPILATION_CONDITIONS = DEBUG;
				SWIFT_OPTIMIZATION_LEVEL = "-Onone";
			};
			name = Debug;
		};
		00677F1D1E4D6A340006E95C /* Release */ = {
			isa = XCBuildConfiguration;
			buildSettings = {
				ALWAYS_SEARCH_USER_PATHS = NO;
				CLANG_ANALYZER_NONNULL = YES;
				CLANG_CXX_LANGUAGE_STANDARD = "gnu++0x";
				CLANG_CXX_LIBRARY = "libc++";
				CLANG_ENABLE_MODULES = YES;
				CLANG_ENABLE_OBJC_ARC = YES;
				CLANG_WARN_BOOL_CONVERSION = YES;
				CLANG_WARN_CONSTANT_CONVERSION = YES;
				CLANG_WARN_DIRECT_OBJC_ISA_USAGE = YES_ERROR;
				CLANG_WARN_DOCUMENTATION_COMMENTS = YES;
				CLANG_WARN_EMPTY_BODY = YES;
				CLANG_WARN_ENUM_CONVERSION = YES;
				CLANG_WARN_INFINITE_RECURSION = YES;
				CLANG_WARN_INT_CONVERSION = YES;
				CLANG_WARN_OBJC_ROOT_CLASS = YES_ERROR;
				CLANG_WARN_SUSPICIOUS_MOVE = YES;
				CLANG_WARN_SUSPICIOUS_MOVES = YES;
				CLANG_WARN_UNREACHABLE_CODE = YES;
				CLANG_WARN__DUPLICATE_METHOD_MATCH = YES;
				"CODE_SIGN_IDENTITY[sdk=iphoneos*]" = "iPhone Developer";
				COPY_PHASE_STRIP = NO;
				DEBUG_INFORMATION_FORMAT = "dwarf-with-dsym";
				ENABLE_NS_ASSERTIONS = NO;
				ENABLE_STRICT_OBJC_MSGSEND = YES;
				GCC_C_LANGUAGE_STANDARD = gnu99;
				GCC_NO_COMMON_BLOCKS = YES;
				GCC_WARN_64_TO_32_BIT_CONVERSION = YES;
				GCC_WARN_ABOUT_RETURN_TYPE = YES_ERROR;
				GCC_WARN_UNDECLARED_SELECTOR = YES;
				GCC_WARN_UNINITIALIZED_AUTOS = YES_AGGRESSIVE;
				GCC_WARN_UNUSED_FUNCTION = YES;
				GCC_WARN_UNUSED_VARIABLE = YES;
				IPHONEOS_DEPLOYMENT_TARGET = 10.1;
				MTL_ENABLE_DEBUG_INFO = NO;
				SDKROOT = iphoneos;
				SWIFT_OPTIMIZATION_LEVEL = "-Owholemodule";
				VALIDATE_PRODUCT = YES;
			};
			name = Release;
		};
		00677F1F1E4D6A340006E95C /* Debug */ = {
			isa = XCBuildConfiguration;
			buildSettings = {
				ASSETCATALOG_COMPILER_APPICON_NAME = AppIcon;
				DEVELOPMENT_TEAM = GLG6UUPRG8;
				INFOPLIST_FILE = VirtualTourist/Info.plist;
				LD_RUNPATH_SEARCH_PATHS = "$(inherited) @executable_path/Frameworks";
				PRODUCT_BUNDLE_IDENTIFIER = com.udacity.VirtualTourist;
				PRODUCT_NAME = "$(TARGET_NAME)";
				SWIFT_VERSION = 3.0;
			};
			name = Debug;
		};
		00677F201E4D6A340006E95C /* Release */ = {
			isa = XCBuildConfiguration;
			buildSettings = {
				ASSETCATALOG_COMPILER_APPICON_NAME = AppIcon;
				DEVELOPMENT_TEAM = GLG6UUPRG8;
				INFOPLIST_FILE = VirtualTourist/Info.plist;
				LD_RUNPATH_SEARCH_PATHS = "$(inherited) @executable_path/Frameworks";
				PRODUCT_BUNDLE_IDENTIFIER = com.udacity.VirtualTourist;
				PRODUCT_NAME = "$(TARGET_NAME)";
				SWIFT_VERSION = 3.0;
			};
			name = Release;
		};
		00677F221E4D6A340006E95C /* Debug */ = {
			isa = XCBuildConfiguration;
			buildSettings = {
				ALWAYS_EMBED_SWIFT_STANDARD_LIBRARIES = YES;
				BUNDLE_LOADER = "$(TEST_HOST)";
				INFOPLIST_FILE = VirtualTouristTests/Info.plist;
				LD_RUNPATH_SEARCH_PATHS = "$(inherited) @executable_path/Frameworks @loader_path/Frameworks";
				PRODUCT_BUNDLE_IDENTIFIER = com.udacity.VirtualTouristTests;
				PRODUCT_NAME = "$(TARGET_NAME)";
				SWIFT_VERSION = 3.0;
				TEST_HOST = "$(BUILT_PRODUCTS_DIR)/VirtualTourist.app/VirtualTourist";
			};
			name = Debug;
		};
		00677F231E4D6A340006E95C /* Release */ = {
			isa = XCBuildConfiguration;
			buildSettings = {
				ALWAYS_EMBED_SWIFT_STANDARD_LIBRARIES = YES;
				BUNDLE_LOADER = "$(TEST_HOST)";
				INFOPLIST_FILE = VirtualTouristTests/Info.plist;
				LD_RUNPATH_SEARCH_PATHS = "$(inherited) @executable_path/Frameworks @loader_path/Frameworks";
				PRODUCT_BUNDLE_IDENTIFIER = com.udacity.VirtualTouristTests;
				PRODUCT_NAME = "$(TARGET_NAME)";
				SWIFT_VERSION = 3.0;
				TEST_HOST = "$(BUILT_PRODUCTS_DIR)/VirtualTourist.app/VirtualTourist";
			};
			name = Release;
		};
		00677F251E4D6A340006E95C /* Debug */ = {
			isa = XCBuildConfiguration;
			buildSettings = {
				ALWAYS_EMBED_SWIFT_STANDARD_LIBRARIES = YES;
				INFOPLIST_FILE = VirtualTouristUITests/Info.plist;
				LD_RUNPATH_SEARCH_PATHS = "$(inherited) @executable_path/Frameworks @loader_path/Frameworks";
				PRODUCT_BUNDLE_IDENTIFIER = com.udacity.VirtualTouristUITests;
				PRODUCT_NAME = "$(TARGET_NAME)";
				SWIFT_VERSION = 3.0;
				TEST_TARGET_NAME = VirtualTourist;
			};
			name = Debug;
		};
		00677F261E4D6A340006E95C /* Release */ = {
			isa = XCBuildConfiguration;
			buildSettings = {
				ALWAYS_EMBED_SWIFT_STANDARD_LIBRARIES = YES;
				INFOPLIST_FILE = VirtualTouristUITests/Info.plist;
				LD_RUNPATH_SEARCH_PATHS = "$(inherited) @executable_path/Frameworks @loader_path/Frameworks";
				PRODUCT_BUNDLE_IDENTIFIER = com.udacity.VirtualTouristUITests;
				PRODUCT_NAME = "$(TARGET_NAME)";
				SWIFT_VERSION = 3.0;
				TEST_TARGET_NAME = VirtualTourist;
			};
			name = Release;
		};
/* End XCBuildConfiguration section */

/* Begin XCConfigurationList section */
		00677EF11E4D6A330006E95C /* Build configuration list for PBXProject "VirtualTourist" */ = {
			isa = XCConfigurationList;
			buildConfigurations = (
				00677F1C1E4D6A340006E95C /* Debug */,
				00677F1D1E4D6A340006E95C /* Release */,
			);
			defaultConfigurationIsVisible = 0;
			defaultConfigurationName = Release;
		};
		00677F1E1E4D6A340006E95C /* Build configuration list for PBXNativeTarget "VirtualTourist" */ = {
			isa = XCConfigurationList;
			buildConfigurations = (
				00677F1F1E4D6A340006E95C /* Debug */,
				00677F201E4D6A340006E95C /* Release */,
			);
			defaultConfigurationIsVisible = 0;
			defaultConfigurationName = Release;
		};
		00677F211E4D6A340006E95C /* Build configuration list for PBXNativeTarget "VirtualTouristTests" */ = {
			isa = XCConfigurationList;
			buildConfigurations = (
				00677F221E4D6A340006E95C /* Debug */,
				00677F231E4D6A340006E95C /* Release */,
			);
			defaultConfigurationIsVisible = 0;
			defaultConfigurationName = Release;
		};
		00677F241E4D6A340006E95C /* Build configuration list for PBXNativeTarget "VirtualTouristUITests" */ = {
			isa = XCConfigurationList;
			buildConfigurations = (
				00677F251E4D6A340006E95C /* Debug */,
				00677F261E4D6A340006E95C /* Release */,
			);
			defaultConfigurationIsVisible = 0;
			defaultConfigurationName = Release;
		};
/* End XCConfigurationList section */

/* Begin XCVersionGroup section */
		00D2D09E1E50BF7400E53FC5 /* Model.xcdatamodeld */ = {
			isa = XCVersionGroup;
			children = (
				00D2D09F1E50BF7400E53FC5 /* Model.xcdatamodel */,
			);
			currentVersion = 00D2D09F1E50BF7400E53FC5 /* Model.xcdatamodel */;
			path = Model.xcdatamodeld;
			sourceTree = "<group>";
			versionGroupType = wrapper.xcdatamodel;
		};
/* End XCVersionGroup section */
	};
	rootObject = 00677EEE1E4D6A330006E95C /* Project object */;
}
